
Microsoft Visual Studio Solution File, Format Version 12.00
# Visual Studio Version 17
VisualStudioVersion = 17.1.32328.378
MinimumVisualStudioVersion = 10.0.40219.1
Project("{FAE04EC0-301F-11D3-BF4B-00C04F79EFBC}") = "PresentationLayer", "Presentation Layer\PresentationLayer.csproj", "{7E3D60D8-0794-4D25-9733-1134BABEDCA7}"
EndProject
Project("{FAE04EC0-301F-11D3-BF4B-00C04F79EFBC}") = "BusinessLogicLayer", "Business Logic Layer\BusinessLogicLayer.csproj", "{C279D9C7-7135-44CC-B325-50796AD39FAA}"
EndProject
Project("{FAE04EC0-301F-11D3-BF4B-00C04F79EFBC}") = "DataAccessLayer", "DataAccessLayer\DataAccessLayer.csproj", "{6104A5EB-0B72-4FF0-A3FE-7E53E4466027}"
EndProject
Global
	GlobalSection(SolutionConfigurationPlatforms) = preSolution
		Debug|Any CPU = Debug|Any CPU
		Release|Any CPU = Release|Any CPU
	EndGlobalSection
	GlobalSection(ProjectConfigurationPlatforms) = postSolution
		{7E3D60D8-0794-4D25-9733-1134BABEDCA7}.Debug|Any CPU.ActiveCfg = Debug|Any CPU
		{7E3D60D8-0794-4D25-9733-1134BABEDCA7}.Debug|Any CPU.Build.0 = Debug|Any CPU
		{7E3D60D8-0794-4D25-9733-1134BABEDCA7}.Release|Any CPU.ActiveCfg = Release|Any CPU
		{7E3D60D8-0794-4D25-9733-1134BABEDCA7}.Release|Any CPU.Build.0 = Release|Any CPU
		{C279D9C7-7135-44CC-B325-50796AD39FAA}.Debug|Any CPU.ActiveCfg = Debug|Any CPU
		{C279D9C7-7135-44CC-B325-50796AD39FAA}.Debug|Any CPU.Build.0 = Debug|Any CPU
		{C279D9C7-7135-44CC-B325-50796AD39FAA}.Release|Any CPU.ActiveCfg = Release|Any CPU
		{C279D9C7-7135-44CC-B325-50796AD39FAA}.Release|Any CPU.Build.0 = Release|Any CPU
		{6104A5EB-0B72-4FF0-A3FE-7E53E4466027}.Debug|Any CPU.ActiveCfg = Debug|Any CPU
		{6104A5EB-0B72-4FF0-A3FE-7E53E4466027}.Debug|Any CPU.Build.0 = Debug|Any CPU
		{6104A5EB-0B72-4FF0-A3FE-7E53E4466027}.Release|Any CPU.ActiveCfg = Release|Any CPU
		{6104A5EB-0B72-4FF0-A3FE-7E53E4466027}.Release|Any CPU.Build.0 = Release|Any CPU
	EndGlobalSection
	GlobalSection(SolutionProperties) = preSolution
		HideSolutionNode = FALSE
	EndGlobalSection
	GlobalSection(ExtensibilityGlobals) = postSolution
		SolutionGuid = {CE18EE8A-2DDC-4065-91BB-8522987D5293}
	EndGlobalSection
EndGlobal
