
Microsoft Visual Studio Solution File, Format Version 12.00
# Visual Studio Version 17
VisualStudioVersion = 17.1.32328.378
MinimumVisualStudioVersion = 10.0.40219.1
Project("{FAE04EC0-301F-11D3-BF4B-00C04F79EFBC}") = "WebApplication2", "WebApplication2\WebApplication2.csproj", "{36047B6D-59D8-4F1B-A84B-26F3F206D05A}"
EndProject
Global
	GlobalSection(SolutionConfigurationPlatforms) = preSolution
		Debug|Any CPU = Debug|Any CPU
		Release|Any CPU = Release|Any CPU
	EndGlobalSection
	GlobalSection(ProjectConfigurationPlatforms) = postSolution
		{36047B6D-59D8-4F1B-A84B-26F3F206D05A}.Debug|Any CPU.ActiveCfg = Debug|Any CPU
		{36047B6D-59D8-4F1B-A84B-26F3F206D05A}.Debug|Any CPU.Build.0 = Debug|Any CPU
		{36047B6D-59D8-4F1B-A84B-26F3F206D05A}.Release|Any CPU.ActiveCfg = Release|Any CPU
		{36047B6D-59D8-4F1B-A84B-26F3F206D05A}.Release|Any CPU.Build.0 = Release|Any CPU
	EndGlobalSection
	GlobalSection(SolutionProperties) = preSolution
		HideSolutionNode = FALSE
	EndGlobalSection
	GlobalSection(ExtensibilityGlobals) = postSolution
		SolutionGuid = {2E7B7907-6AA9-4D85-8243-FCD3C8A931C3}
	EndGlobalSection
EndGlobal
